
Microsoft Visual Studio Solution File, Format Version 12.00
# Visual Studio Version 17
VisualStudioVersion = 17.0.31903.59
MinimumVisualStudioVersion = 10.0.40219.1
Project("{2150E333-8FDC-42A3-9474-1A3956D46DE8}") = "src", "src", "{4A2C7825-87D3-4CB4-99B4-A5DC2D34BFB8}"
EndProject
Project("{FAE04EC0-301F-11D3-BF4B-00C04F79EFBC}") = "IRSI.UberEatsManager.AppHost", "src\IRSI.UberEatsManager.AppHost\IRSI.UberEatsManager.AppHost.csproj", "{F09F191B-E0F3-451F-8676-210A3397EEE1}"
EndProject
Project("{FAE04EC0-301F-11D3-BF4B-00C04F79EFBC}") = "IRSI.UberEatsManager.ServiceDefaults", "src\IRSI.UberEatsManager.ServiceDefaults\IRSI.UberEatsManager.ServiceDefaults.csproj", "{7B128889-403F-41E9-BAFC-11F2DDF27973}"
EndProject
Project("{FAE04EC0-301F-11D3-BF4B-00C04F79EFBC}") = "IRSI.UberEatsManager.MenuApi", "src\IRSI.UberEatsManager.MenuApi\IRSI.UberEatsManager.MenuApi.csproj", "{CA5E7499-EA00-4DAC-A42E-806C3B8E7CCA}"
EndProject
Project("{2150E333-8FDC-42A3-9474-1A3956D46DE8}") = "Console", "Console", "{E91AD41A-5627-4D7E-B500-7684707FE01D}"
EndProject
Project("{FAE04EC0-301F-11D3-BF4B-00C04F79EFBC}") = "IRSI.UberEatsManager.StoreSync", "src\Console\IRSI.UberEatsManager.StoreSync\IRSI.UberEatsManager.StoreSync.csproj", "{C9BF6E4E-2379-4DB1-8214-894A965083BC}"
EndProject
Project("{2150E333-8FDC-42A3-9474-1A3956D46DE8}") = "Libraries", "Libraries", "{0CD4A06C-0A73-4CEE-B327-EE48DFB77BAE}"
EndProject
Project("{FAE04EC0-301F-11D3-BF4B-00C04F79EFBC}") = "IRSI.Common", "src\Libraries\IRSI.Common\IRSI.Common.csproj", "{31309096-885F-4303-88B8-BB09151A49E1}"
EndProject
Project("{FAE04EC0-301F-11D3-BF4B-00C04F79EFBC}") = "IRSI.Common.Abstractions", "src\Libraries\IRSI.Common.Abstractions\IRSI.Common.Abstractions.csproj", "{1A953F76-4199-406A-9BBE-B1BE64526B9C}"
EndProject
Project("{FAE04EC0-301F-11D3-BF4B-00C04F79EFBC}") = "IRSI.WritableOptions", "src\Libraries\IRSI.WritableOptions\IRSI.WritableOptions.csproj", "{6112282E-F37B-42CE-80A8-13E9CAB6DFD8}"
EndProject
Project("{FAE04EC0-301F-11D3-BF4B-00C04F79EFBC}") = "IRSI.UberEatsManager.MenuEditor", "src\IRSI.UberEatsManager.MenuEditor\IRSI.UberEatsManager.MenuEditor.csproj", "{D808987C-AA83-455C-9069-F7236F8BCB9F}"
EndProject
Project("{FAE04EC0-301F-11D3-BF4B-00C04F79EFBC}") = "IRSI.Aloha.Data", "src\Libraries\IRSI.Aloha.Data\IRSI.Aloha.Data.csproj", "{6E1B1CC3-97B4-426E-98CA-EEC19E92500A}"
EndProject
Project("{FAE04EC0-301F-11D3-BF4B-00C04F79EFBC}") = "IRSI.Aloha.Data.Abstractions", "src\Libraries\IRSI.Aloha.Data.Abstractions\IRSI.Aloha.Data.Abstractions.csproj", "{B94E85F4-2420-4A3E-9702-4D76E793A725}"
EndProject
Project("{2150E333-8FDC-42A3-9474-1A3956D46DE8}") = "tests", "tests", "{41F09C5D-3917-4E51-A86C-E1DE7AD0CA03}"
EndProject
Project("{FAE04EC0-301F-11D3-BF4B-00C04F79EFBC}") = "IRSI.Aloha.Data.Tests", "tests\IRSI.Aloha.Data.Tests\IRSI.Aloha.Data.Tests.csproj", "{E732F1D4-69CE-401C-9FC9-24B22E9DC99C}"
EndProject
Global
	GlobalSection(SolutionConfigurationPlatforms) = preSolution
		Debug|Any CPU = Debug|Any CPU
		Release|Any CPU = Release|Any CPU
	EndGlobalSection
	GlobalSection(SolutionProperties) = preSolution
		HideSolutionNode = FALSE
	EndGlobalSection
	GlobalSection(ProjectConfigurationPlatforms) = postSolution
		{F09F191B-E0F3-451F-8676-210A3397EEE1}.Debug|Any CPU.ActiveCfg = Debug|Any CPU
		{F09F191B-E0F3-451F-8676-210A3397EEE1}.Debug|Any CPU.Build.0 = Debug|Any CPU
		{F09F191B-E0F3-451F-8676-210A3397EEE1}.Release|Any CPU.ActiveCfg = Release|Any CPU
		{F09F191B-E0F3-451F-8676-210A3397EEE1}.Release|Any CPU.Build.0 = Release|Any CPU
		{7B128889-403F-41E9-BAFC-11F2DDF27973}.Debug|Any CPU.ActiveCfg = Debug|Any CPU
		{7B128889-403F-41E9-BAFC-11F2DDF27973}.Debug|Any CPU.Build.0 = Debug|Any CPU
		{7B128889-403F-41E9-BAFC-11F2DDF27973}.Release|Any CPU.ActiveCfg = Release|Any CPU
		{7B128889-403F-41E9-BAFC-11F2DDF27973}.Release|Any CPU.Build.0 = Release|Any CPU
		{CA5E7499-EA00-4DAC-A42E-806C3B8E7CCA}.Debug|Any CPU.ActiveCfg = Debug|Any CPU
		{CA5E7499-EA00-4DAC-A42E-806C3B8E7CCA}.Debug|Any CPU.Build.0 = Debug|Any CPU
		{CA5E7499-EA00-4DAC-A42E-806C3B8E7CCA}.Release|Any CPU.ActiveCfg = Release|Any CPU
		{CA5E7499-EA00-4DAC-A42E-806C3B8E7CCA}.Release|Any CPU.Build.0 = Release|Any CPU
		{C9BF6E4E-2379-4DB1-8214-894A965083BC}.Debug|Any CPU.ActiveCfg = Debug|Any CPU
		{C9BF6E4E-2379-4DB1-8214-894A965083BC}.Debug|Any CPU.Build.0 = Debug|Any CPU
		{C9BF6E4E-2379-4DB1-8214-894A965083BC}.Release|Any CPU.ActiveCfg = Release|Any CPU
		{C9BF6E4E-2379-4DB1-8214-894A965083BC}.Release|Any CPU.Build.0 = Release|Any CPU
		{31309096-885F-4303-88B8-BB09151A49E1}.Debug|Any CPU.ActiveCfg = Debug|Any CPU
		{31309096-885F-4303-88B8-BB09151A49E1}.Debug|Any CPU.Build.0 = Debug|Any CPU
		{31309096-885F-4303-88B8-BB09151A49E1}.Release|Any CPU.ActiveCfg = Release|Any CPU
		{31309096-885F-4303-88B8-BB09151A49E1}.Release|Any CPU.Build.0 = Release|Any CPU
		{1A953F76-4199-406A-9BBE-B1BE64526B9C}.Debug|Any CPU.ActiveCfg = Debug|Any CPU
		{1A953F76-4199-406A-9BBE-B1BE64526B9C}.Debug|Any CPU.Build.0 = Debug|Any CPU
		{1A953F76-4199-406A-9BBE-B1BE64526B9C}.Release|Any CPU.ActiveCfg = Release|Any CPU
		{1A953F76-4199-406A-9BBE-B1BE64526B9C}.Release|Any CPU.Build.0 = Release|Any CPU
		{6112282E-F37B-42CE-80A8-13E9CAB6DFD8}.Debug|Any CPU.ActiveCfg = Debug|Any CPU
		{6112282E-F37B-42CE-80A8-13E9CAB6DFD8}.Debug|Any CPU.Build.0 = Debug|Any CPU
		{6112282E-F37B-42CE-80A8-13E9CAB6DFD8}.Release|Any CPU.ActiveCfg = Release|Any CPU
		{6112282E-F37B-42CE-80A8-13E9CAB6DFD8}.Release|Any CPU.Build.0 = Release|Any CPU
		{D808987C-AA83-455C-9069-F7236F8BCB9F}.Debug|Any CPU.ActiveCfg = Debug|Any CPU
		{D808987C-AA83-455C-9069-F7236F8BCB9F}.Debug|Any CPU.Build.0 = Debug|Any CPU
		{D808987C-AA83-455C-9069-F7236F8BCB9F}.Release|Any CPU.ActiveCfg = Release|Any CPU
		{D808987C-AA83-455C-9069-F7236F8BCB9F}.Release|Any CPU.Build.0 = Release|Any CPU
		{6E1B1CC3-97B4-426E-98CA-EEC19E92500A}.Debug|Any CPU.ActiveCfg = Debug|Any CPU
		{6E1B1CC3-97B4-426E-98CA-EEC19E92500A}.Debug|Any CPU.Build.0 = Debug|Any CPU
		{6E1B1CC3-97B4-426E-98CA-EEC19E92500A}.Release|Any CPU.ActiveCfg = Release|Any CPU
		{6E1B1CC3-97B4-426E-98CA-EEC19E92500A}.Release|Any CPU.Build.0 = Release|Any CPU
		{B94E85F4-2420-4A3E-9702-4D76E793A725}.Debug|Any CPU.ActiveCfg = Debug|Any CPU
		{B94E85F4-2420-4A3E-9702-4D76E793A725}.Debug|Any CPU.Build.0 = Debug|Any CPU
		{B94E85F4-2420-4A3E-9702-4D76E793A725}.Release|Any CPU.ActiveCfg = Release|Any CPU
		{B94E85F4-2420-4A3E-9702-4D76E793A725}.Release|Any CPU.Build.0 = Release|Any CPU
		{E732F1D4-69CE-401C-9FC9-24B22E9DC99C}.Debug|Any CPU.ActiveCfg = Debug|Any CPU
		{E732F1D4-69CE-401C-9FC9-24B22E9DC99C}.Debug|Any CPU.Build.0 = Debug|Any CPU
		{E732F1D4-69CE-401C-9FC9-24B22E9DC99C}.Release|Any CPU.ActiveCfg = Release|Any CPU
		{E732F1D4-69CE-401C-9FC9-24B22E9DC99C}.Release|Any CPU.Build.0 = Release|Any CPU
	EndGlobalSection
	GlobalSection(NestedProjects) = preSolution
		{F09F191B-E0F3-451F-8676-210A3397EEE1} = {4A2C7825-87D3-4CB4-99B4-A5DC2D34BFB8}
		{7B128889-403F-41E9-BAFC-11F2DDF27973} = {4A2C7825-87D3-4CB4-99B4-A5DC2D34BFB8}
		{CA5E7499-EA00-4DAC-A42E-806C3B8E7CCA} = {4A2C7825-87D3-4CB4-99B4-A5DC2D34BFB8}
		{E91AD41A-5627-4D7E-B500-7684707FE01D} = {4A2C7825-87D3-4CB4-99B4-A5DC2D34BFB8}
		{C9BF6E4E-2379-4DB1-8214-894A965083BC} = {E91AD41A-5627-4D7E-B500-7684707FE01D}
		{0CD4A06C-0A73-4CEE-B327-EE48DFB77BAE} = {4A2C7825-87D3-4CB4-99B4-A5DC2D34BFB8}
		{31309096-885F-4303-88B8-BB09151A49E1} = {0CD4A06C-0A73-4CEE-B327-EE48DFB77BAE}
		{1A953F76-4199-406A-9BBE-B1BE64526B9C} = {0CD4A06C-0A73-4CEE-B327-EE48DFB77BAE}
		{6112282E-F37B-42CE-80A8-13E9CAB6DFD8} = {0CD4A06C-0A73-4CEE-B327-EE48DFB77BAE}
		{D808987C-AA83-455C-9069-F7236F8BCB9F} = {4A2C7825-87D3-4CB4-99B4-A5DC2D34BFB8}
		{6E1B1CC3-97B4-426E-98CA-EEC19E92500A} = {0CD4A06C-0A73-4CEE-B327-EE48DFB77BAE}
		{B94E85F4-2420-4A3E-9702-4D76E793A725} = {0CD4A06C-0A73-4CEE-B327-EE48DFB77BAE}
		{E732F1D4-69CE-401C-9FC9-24B22E9DC99C} = {41F09C5D-3917-4E51-A86C-E1DE7AD0CA03}
	EndGlobalSection
EndGlobal
